
Microsoft Visual Studio Solution File, Format Version 12.00
# Visual Studio Version 16
VisualStudioVersion = 16.0.32228.343
MinimumVisualStudioVersion = 10.0.40219.1
Project("{FAE04EC0-301F-11D3-BF4B-00C04F79EFBC}") = "XamarinFormsListViewIndexBug.Android", "XamarinFormsListViewIndexBug\XamarinFormsListViewIndexBug.Android\XamarinFormsListViewIndexBug.Android.csproj", "{4EDB67D3-0D16-4E84-BF89-FC1933786A59}"
EndProject
Project("{FAE04EC0-301F-11D3-BF4B-00C04F79EFBC}") = "XamarinFormsListViewIndexBug", "XamarinFormsListViewIndexBug\XamarinFormsListViewIndexBug\XamarinFormsListViewIndexBug.csproj", "{823952CB-5434-4DFB-80D9-E44559C15351}"
EndProject
Global
	GlobalSection(SolutionConfigurationPlatforms) = preSolution
		Debug|Any CPU = Debug|Any CPU
		Release|Any CPU = Release|Any CPU
	EndGlobalSection
	GlobalSection(ProjectConfigurationPlatforms) = postSolution
		{4EDB67D3-0D16-4E84-BF89-FC1933786A59}.Debug|Any CPU.ActiveCfg = Debug|Any CPU
		{4EDB67D3-0D16-4E84-BF89-FC1933786A59}.Debug|Any CPU.Build.0 = Debug|Any CPU
		{4EDB67D3-0D16-4E84-BF89-FC1933786A59}.Debug|Any CPU.Deploy.0 = Debug|Any CPU
		{4EDB67D3-0D16-4E84-BF89-FC1933786A59}.Release|Any CPU.ActiveCfg = Release|Any CPU
		{4EDB67D3-0D16-4E84-BF89-FC1933786A59}.Release|Any CPU.Build.0 = Release|Any CPU
		{4EDB67D3-0D16-4E84-BF89-FC1933786A59}.Release|Any CPU.Deploy.0 = Release|Any CPU
		{823952CB-5434-4DFB-80D9-E44559C15351}.Debug|Any CPU.ActiveCfg = Debug|Any CPU
		{823952CB-5434-4DFB-80D9-E44559C15351}.Debug|Any CPU.Build.0 = Debug|Any CPU
		{823952CB-5434-4DFB-80D9-E44559C15351}.Debug|Any CPU.Deploy.0 = Debug|Any CPU
		{823952CB-5434-4DFB-80D9-E44559C15351}.Release|Any CPU.ActiveCfg = Release|Any CPU
		{823952CB-5434-4DFB-80D9-E44559C15351}.Release|Any CPU.Build.0 = Release|Any CPU
		{823952CB-5434-4DFB-80D9-E44559C15351}.Release|Any CPU.Deploy.0 = Release|Any CPU
	EndGlobalSection
	GlobalSection(SolutionProperties) = preSolution
		HideSolutionNode = FALSE
	EndGlobalSection
	GlobalSection(ExtensibilityGlobals) = postSolution
		SolutionGuid = {8CC02065-7EF2-4F8A-8367-10433C3F3B7A}
	EndGlobalSection
EndGlobal
